
Microsoft Visual Studio Solution File, Format Version 12.00
# Visual Studio Version 17
VisualStudioVersion = 17.3.32922.545
MinimumVisualStudioVersion = 10.0.40219.1
Project("{9A19103F-16F7-4668-BE54-9A1E7A4F7556}") = "C__CodeWars", "C__CodeWars.csproj", "{3BD9E52C-9F9A-497D-BE54-B75A6F585C10}"
EndProject
Global
	GlobalSection(SolutionConfigurationPlatforms) = preSolution
		Debug|Any CPU = Debug|Any CPU
		Release|Any CPU = Release|Any CPU
	EndGlobalSection
	GlobalSection(ProjectConfigurationPlatforms) = postSolution
		{3BD9E52C-9F9A-497D-BE54-B75A6F585C10}.Debug|Any CPU.ActiveCfg = Debug|Any CPU
		{3BD9E52C-9F9A-497D-BE54-B75A6F585C10}.Debug|Any CPU.Build.0 = Debug|Any CPU
		{3BD9E52C-9F9A-497D-BE54-B75A6F585C10}.Release|Any CPU.ActiveCfg = Release|Any CPU
		{3BD9E52C-9F9A-497D-BE54-B75A6F585C10}.Release|Any CPU.Build.0 = Release|Any CPU
	EndGlobalSection
	GlobalSection(SolutionProperties) = preSolution
		HideSolutionNode = FALSE
	EndGlobalSection
	GlobalSection(ExtensibilityGlobals) = postSolution
		SolutionGuid = {24711E70-C9CB-45D0-914F-507743B7CF23}
	EndGlobalSection
EndGlobal
